	<Project xmlns="http://schemas.microsoft.com/developer/msbuild/2003">
		<PropertyGroup>
			<ProjectGuid>{2B2047A9-0DA3-40F1-9B75-C3FBE6E68515}</ProjectGuid>
			<MainSource>ArteReal.dpr</MainSource>
			<ProjectVersion>12.3</ProjectVersion>
			<Base>True</Base>
			<Config Condition="'$(Config)'==''">Release</Config>
			<Platform>Win32</Platform>
			<AppType>Application</AppType>
			<FrameworkType>VCL</FrameworkType>
			<DCC_DCCCompiler>DCC32</DCC_DCCCompiler>
		</PropertyGroup>
		<PropertyGroup Condition="'$(Config)'=='Base' or '$(Base)'!=''">
			<Base>true</Base>
		</PropertyGroup>
		<PropertyGroup Condition="'$(Config)'=='Debug' or '$(Cfg_1)'!=''">
			<Cfg_1>true</Cfg_1>
			<CfgParent>Base</CfgParent>
			<Base>true</Base>
		</PropertyGroup>
		<PropertyGroup Condition="'$(Config)'=='Release' or '$(Cfg_2)'!=''">
			<Cfg_2>true</Cfg_2>
			<CfgParent>Base</CfgParent>
			<Base>true</Base>
		</PropertyGroup>
		<PropertyGroup Condition="'$(Base)'!=''">
			<DCC_ImageBase>00400000</DCC_ImageBase>
			<DCC_DcuOutput>.\$(Config)\$(Platform)</DCC_DcuOutput>
			<DCC_UnitAlias>WinTypes=Windows;WinProcs=Windows;DbiTypes=BDE;DbiProcs=BDE;$(DCC_UnitAlias)</DCC_UnitAlias>
			<DCC_ExeOutput>.\$(Config)\$(Platform)</DCC_ExeOutput>
			<DCC_E>false</DCC_E>
			<DCC_N>false</DCC_N>
			<DCC_S>false</DCC_S>
			<DCC_F>false</DCC_F>
			<DCC_K>false</DCC_K>
		</PropertyGroup>
		<PropertyGroup Condition="'$(Cfg_1)'!=''">
			<DCC_Define>DEBUG;$(DCC_Define)</DCC_Define>
			<DCC_Optimize>false</DCC_Optimize>
			<DCC_GenerateStackFrames>true</DCC_GenerateStackFrames>
		</PropertyGroup>
		<PropertyGroup Condition="'$(Cfg_2)'!=''">
			<DCC_LocalDebugSymbols>false</DCC_LocalDebugSymbols>
			<DCC_Define>RELEASE;$(DCC_Define)</DCC_Define>
			<DCC_SymbolReferenceInfo>0</DCC_SymbolReferenceInfo>
			<DCC_DebugInformation>false</DCC_DebugInformation>
		</PropertyGroup>
		<ItemGroup>
			<DelphiCompile Include="ArteReal.dpr">
				<MainSource>MainSource</MainSource>
			</DelphiCompile>
			<DCCReference Include="untArteReal.pas">
				<Form>frmArteReal</Form>
			</DCCReference>
			<DCCReference Include="untAssinantes.pas">
				<Form>frmAssinantes</Form>
			</DCCReference>
			<DCCReference Include="uDm.pas">
				<Form>Dm</Form>
				<DesignClass>TDataModule</DesignClass>
			</DCCReference>
			<DCCReference Include="untFrmImagens.pas">
				<Form>frmImagens</Form>
			</DCCReference>
			<DCCReference Include="untFrmmensagem.pas">
				<Form>frmMensagem</Form>
			</DCCReference>
			<DCCReference Include="untAssinantesInclusao.pas">
				<Form>frmAssinantesInclusao</Form>
			</DCCReference>
			<DCCReference Include="untFrmSelecaoObreiros.pas">
				<Form>frmSelecaoObreiros</Form>
			</DCCReference>
			<DCCReference Include="untFrmSelecaoLojas.pas">
				<Form>frmSelecaoLojas</Form>
			</DCCReference>
			<DCCReference Include="untFrmSelecaoCidades.pas">
				<Form>frmSelecaoCidades</Form>
			</DCCReference>
			<DCCReference Include="untFrmSelecaoEstados.pas">
				<Form>frmSelecaoEstados</Form>
			</DCCReference>
			<DCCReference Include="untFrmAssinaturaAlteracao.pas">
				<Form>FrmAssinaturaAlteracao</Form>
			</DCCReference>
			<DCCReference Include="untAssinantesAlteracao.pas">
				<Form>FrmAssinantesAlteracao</Form>
			</DCCReference>
			<DCCReference Include="untfrmAssinaturaGrid.pas">
				<Form>frmAssinaturaGrid</Form>
			</DCCReference>
			<DCCReference Include="untFrmAssinaturaInclusao.pas">
				<Form>FrmAssinaturaInclusao</Form>
			</DCCReference>
			<DCCReference Include="untFrmAnuncioGrid.pas">
				<Form>frmAnuncioGrid</Form>
			</DCCReference>
			<DCCReference Include="untFrmAnuncioInclusao.pas">
				<Form>FrmAnuncioInclusao</Form>
			</DCCReference>
			<DCCReference Include="untFrmAnuncioAlteracao.pas">
				<Form>FrmAnuncioAlteracao</Form>
			</DCCReference>
			<DCCReference Include="untFrmAssinantesTelefoneGrid.pas">
				<Form>FrmAssinanteTelefoneGrid</Form>
			</DCCReference>
			<DCCReference Include="..\Ferramentas\Login\untFrmLogin.pas">
				<Form>frmLogin</Form>
			</DCCReference>
			<DCCReference Include="..\Ferramentas\Bibliotecas\uCriptografia.pas"/>
			<DCCReference Include="..\Ferramentas\SelecaoFrm\uSelecaoFrm.pas">
				<Form>SelecaoFrm</Form>
			</DCCReference>
			<DCCReference Include="..\Ferramentas\Bibliotecas\uSoNumero.pas"/>
			<DCCReference Include="uFrmRelatorios.pas">
				<Form>frmRelatorio</Form>
			</DCCReference>
			<BuildConfiguration Include="Release">
				<Key>Cfg_2</Key>
				<CfgParent>Base</CfgParent>
			</BuildConfiguration>
			<BuildConfiguration Include="Base">
				<Key>Base</Key>
			</BuildConfiguration>
			<BuildConfiguration Include="Debug">
				<Key>Cfg_1</Key>
				<CfgParent>Base</CfgParent>
			</BuildConfiguration>
		</ItemGroup>
		<Import Condition="Exists('$(BDS)\Bin\CodeGear.Delphi.Targets')" Project="$(BDS)\Bin\CodeGear.Delphi.Targets"/>
		<Import Condition="Exists('$(APPDATA)\Embarcadero\$(BDSAPPDATABASEDIR)\$(PRODUCTVERSION)\UserTools.proj')" Project="$(APPDATA)\Embarcadero\$(BDSAPPDATABASEDIR)\$(PRODUCTVERSION)\UserTools.proj"/>
		<ProjectExtensions>
			<Borland.Personality>Delphi.Personality.12</Borland.Personality>
			<Borland.ProjectType/>
			<BorlandProject>
				<Delphi.Personality>
					<VersionInfo>
						<VersionInfo Name="IncludeVerInfo">False</VersionInfo>
						<VersionInfo Name="AutoIncBuild">False</VersionInfo>
						<VersionInfo Name="MajorVer">1</VersionInfo>
						<VersionInfo Name="MinorVer">0</VersionInfo>
						<VersionInfo Name="Release">0</VersionInfo>
						<VersionInfo Name="Build">0</VersionInfo>
						<VersionInfo Name="Debug">False</VersionInfo>
						<VersionInfo Name="PreRelease">False</VersionInfo>
						<VersionInfo Name="Special">False</VersionInfo>
						<VersionInfo Name="Private">False</VersionInfo>
						<VersionInfo Name="DLL">False</VersionInfo>
						<VersionInfo Name="Locale">1046</VersionInfo>
						<VersionInfo Name="CodePage">1252</VersionInfo>
					</VersionInfo>
					<VersionInfoKeys>
						<VersionInfoKeys Name="CompanyName"/>
						<VersionInfoKeys Name="FileDescription"/>
						<VersionInfoKeys Name="FileVersion">1.0.0.0</VersionInfoKeys>
						<VersionInfoKeys Name="InternalName"/>
						<VersionInfoKeys Name="LegalCopyright"/>
						<VersionInfoKeys Name="LegalTrademarks"/>
						<VersionInfoKeys Name="OriginalFilename"/>
						<VersionInfoKeys Name="ProductName"/>
						<VersionInfoKeys Name="ProductVersion">1.0.0.0</VersionInfoKeys>
						<VersionInfoKeys Name="Comments"/>
					</VersionInfoKeys>
					<Source>
						<Source Name="MainSource">ArteReal.dpr</Source>
					</Source>
				</Delphi.Personality>
				<Platforms>
					<Platform value="Win32">True</Platform>
				</Platforms>
				<ModelSupport>False</ModelSupport>
			</BorlandProject>
			<ProjectFileVersion>12</ProjectFileVersion>
		</ProjectExtensions>
	</Project>
